<?xml version="1.0" encoding="utf-8"?>
<Project ToolsVersion="4.0" xmlns="http://schemas.microsoft.com/developer/msbuild/2003">
  <ItemGroup>
    <ClCompile Include="dllmain.cpp" />
    <ClCompile Include="Hooking.Patterns.cpp" />
    <ClCompile Include="Hooking.cpp" />
  </ItemGroup>
  <ItemGroup>
    <ClInclude Include="Hooking.Patterns.h" />
    <ClInclude Include="Hooking.h" />
    <ClInclude Include="CScenarioPoint.h" />
    <ClInclude Include="CScenarioPointRegion.h" />
    <ClInclude Include="atArray.h" />
    <ClInclude Include="CScenarioInfo.h" />
    <ClInclude Include="CScenarioInfoManager.h" />
    <ClInclude Include="CScenarioTypeGroup.h" />
    <ClInclude Include="CCargen.h" />
  </ItemGroup>
</Project>